// !$*UTF8*$!
{
	archiveVersion = 1;
	classes = {
	};
	objectVersion = 60;
	objects = {

/* Begin PBXBuildFile section */
		B27352892C18001A0027046A /* ContentView.swift in Sources */ = {isa = PBXBuildFile; fileRef = B27352882C18001A0027046A /* ContentView.swift */; };
		B2AFC1722C17AC5300E7257C /* TestApp1App.swift in Sources */ = {isa = PBXBuildFile; fileRef = B2AFC1712C17AC5300E7257C /* TestApp1App.swift */; };
		B2AFC1742C17AC5300E7257C /* ItemsView.swift in Sources */ = {isa = PBXBuildFile; fileRef = B2AFC1732C17AC5300E7257C /* ItemsView.swift */; };
		B2AFC1762C17AC5300E7257C /* Item.swift in Sources */ = {isa = PBXBuildFile; fileRef = B2AFC1752C17AC5300E7257C /* Item.swift */; };
		B2AFC1782C17AC5500E7257C /* Assets.xcassets in Resources */ = {isa = PBXBuildFile; fileRef = B2AFC1772C17AC5500E7257C /* Assets.xcassets */; };
		B2AFC17C2C17AC5500E7257C /* Preview Assets.xcassets in Resources */ = {isa = PBXBuildFile; fileRef = B2AFC17B2C17AC5500E7257C /* Preview Assets.xcassets */; };
		B2AFC1862C17AC5500E7257C /* TestApp1Tests.swift in Sources */ = {isa = PBXBuildFile; fileRef = B2AFC1852C17AC5500E7257C /* TestApp1Tests.swift */; };
		B2AFC1902C17AC5500E7257C /* TestApp1UITests.swift in Sources */ = {isa = PBXBuildFile; fileRef = B2AFC18F2C17AC5500E7257C /* TestApp1UITests.swift */; };
		B2AFC1922C17AC5500E7257C /* TestApp1UITestsLaunchTests.swift in Sources */ = {isa = PBXBuildFile; fileRef = B2AFC1912C17AC5500E7257C /* TestApp1UITestsLaunchTests.swift */; };
		B2AFC19F2C17ACB600E7257C /* SidebarView.swift in Sources */ = {isa = PBXBuildFile; fileRef = B2AFC19E2C17ACB600E7257C /* SidebarView.swift */; };
/* End PBXBuildFile section */

/* Begin PBXContainerItemProxy section */
		B2AFC1822C17AC5500E7257C /* PBXContainerItemProxy */ = {
			isa = PBXContainerItemProxy;
			containerPortal = B2AFC1662C17AC5300E7257C /* Project object */;
			proxyType = 1;
			remoteGlobalIDString = B2AFC16D2C17AC5300E7257C;
			remoteInfo = TestApp1;
		};
		B2AFC18C2C17AC5500E7257C /* PBXContainerItemProxy */ = {
			isa = PBXContainerItemProxy;
			containerPortal = B2AFC1662C17AC5300E7257C /* Project object */;
			proxyType = 1;
			remoteGlobalIDString = B2AFC16D2C17AC5300E7257C;
			remoteInfo = TestApp1;
		};
/* End PBXContainerItemProxy section */

/* Begin PBXFileReference section */
		B27352882C18001A0027046A /* ContentView.swift */ = {isa = PBXFileReference; lastKnownFileType = sourcecode.swift; path = ContentView.swift; sourceTree = "<group>"; };
		B2AFC16E2C17AC5300E7257C /* TestApp1.app */ = {isa = PBXFileReference; explicitFileType = wrapper.application; includeInIndex = 0; path = TestApp1.app; sourceTree = BUILT_PRODUCTS_DIR; };
		B2AFC1712C17AC5300E7257C /* TestApp1App.swift */ = {isa = PBXFileReference; lastKnownFileType = sourcecode.swift; path = TestApp1App.swift; sourceTree = "<group>"; };
		B2AFC1732C17AC5300E7257C /* ItemsView.swift */ = {isa = PBXFileReference; lastKnownFileType = sourcecode.swift; path = ItemsView.swift; sourceTree = "<group>"; };
		B2AFC1752C17AC5300E7257C /* Item.swift */ = {isa = PBXFileReference; lastKnownFileType = sourcecode.swift; path = Item.swift; sourceTree = "<group>"; };
		B2AFC1772C17AC5500E7257C /* Assets.xcassets */ = {isa = PBXFileReference; lastKnownFileType = folder.assetcatalog; path = Assets.xcassets; sourceTree = "<group>"; };
		B2AFC1792C17AC5500E7257C /* TestApp1.entitlements */ = {isa = PBXFileReference; lastKnownFileType = text.plist.entitlements; path = TestApp1.entitlements; sourceTree = "<group>"; };
		B2AFC17B2C17AC5500E7257C /* Preview Assets.xcassets */ = {isa = PBXFileReference; lastKnownFileType = folder.assetcatalog; path = "Preview Assets.xcassets"; sourceTree = "<group>"; };
		B2AFC1812C17AC5500E7257C /* TestApp1Tests.xctest */ = {isa = PBXFileReference; explicitFileType = wrapper.cfbundle; includeInIndex = 0; path = TestApp1Tests.xctest; sourceTree = BUILT_PRODUCTS_DIR; };
		B2AFC1852C17AC5500E7257C /* TestApp1Tests.swift */ = {isa = PBXFileReference; lastKnownFileType = sourcecode.swift; path = TestApp1Tests.swift; sourceTree = "<group>"; };
		B2AFC18B2C17AC5500E7257C /* TestApp1UITests.xctest */ = {isa = PBXFileReference; explicitFileType = wrapper.cfbundle; includeInIndex = 0; path = TestApp1UITests.xctest; sourceTree = BUILT_PRODUCTS_DIR; };
		B2AFC18F2C17AC5500E7257C /* TestApp1UITests.swift */ = {isa = PBXFileReference; lastKnownFileType = sourcecode.swift; path = TestApp1UITests.swift; sourceTree = "<group>"; };
		B2AFC1912C17AC5500E7257C /* TestApp1UITestsLaunchTests.swift */ = {isa = PBXFileReference; lastKnownFileType = sourcecode.swift; path = TestApp1UITestsLaunchTests.swift; sourceTree = "<group>"; };
		B2AFC19E2C17ACB600E7257C /* SidebarView.swift */ = {isa = PBXFileReference; lastKnownFileType = sourcecode.swift; path = SidebarView.swift; sourceTree = "<group>"; };
/* End PBXFileReference section */

/* Begin PBXFrameworksBuildPhase section */
		B2AFC16B2C17AC5300E7257C /* Frameworks */ = {
			isa = PBXFrameworksBuildPhase;
			buildActionMask = 2147483647;
			files = (
			);
			runOnlyForDeploymentPostprocessing = 0;
		};
		B2AFC17E2C17AC5500E7257C /* Frameworks */ = {
			isa = PBXFrameworksBuildPhase;
			buildActionMask = 2147483647;
			files = (
			);
			runOnlyForDeploymentPostprocessing = 0;
		};
		B2AFC1882C17AC5500E7257C /* Frameworks */ = {
			isa = PBXFrameworksBuildPhase;
			buildActionMask = 2147483647;
			files = (
			);
			runOnlyForDeploymentPostprocessing = 0;
		};
/* End PBXFrameworksBuildPhase section */

/* Begin PBXGroup section */
		B2AFC1652C17AC5300E7257C = {
			isa = PBXGroup;
			children = (
				B2AFC1702C17AC5300E7257C /* TestApp1 */,
				B2AFC1842C17AC5500E7257C /* TestApp1Tests */,
				B2AFC18E2C17AC5500E7257C /* TestApp1UITests */,
				B2AFC16F2C17AC5300E7257C /* Products */,
			);
			sourceTree = "<group>";
		};
		B2AFC16F2C17AC5300E7257C /* Products */ = {
			isa = PBXGroup;
			children = (
				B2AFC16E2C17AC5300E7257C /* TestApp1.app */,
				B2AFC1812C17AC5500E7257C /* TestApp1Tests.xctest */,
				B2AFC18B2C17AC5500E7257C /* TestApp1UITests.xctest */,
			);
			name = Products;
			sourceTree = "<group>";
		};
		B2AFC1702C17AC5300E7257C /* TestApp1 */ = {
			isa = PBXGroup;
			children = (
				B2AFC1712C17AC5300E7257C /* TestApp1App.swift */,
				B27352882C18001A0027046A /* ContentView.swift */,
				B2AFC19E2C17ACB600E7257C /* SidebarView.swift */,
				B2AFC1732C17AC5300E7257C /* ItemsView.swift */,
				B2AFC1752C17AC5300E7257C /* Item.swift */,
				B2AFC1772C17AC5500E7257C /* Assets.xcassets */,
				B2AFC1792C17AC5500E7257C /* TestApp1.entitlements */,
				B2AFC17A2C17AC5500E7257C /* Preview Content */,
			);
			path = TestApp1;
			sourceTree = "<group>";
		};
		B2AFC17A2C17AC5500E7257C /* Preview Content */ = {
			isa = PBXGroup;
			children = (
				B2AFC17B2C17AC5500E7257C /* Preview Assets.xcassets */,
			);
			path = "Preview Content";
			sourceTree = "<group>";
		};
		B2AFC1842C17AC5500E7257C /* TestApp1Tests */ = {
			isa = PBXGroup;
			children = (
				B2AFC1852C17AC5500E7257C /* TestApp1Tests.swift */,
			);
			path = TestApp1Tests;
			sourceTree = "<group>";
		};
		B2AFC18E2C17AC5500E7257C /* TestApp1UITests */ = {
			isa = PBXGroup;
			children = (
				B2AFC18F2C17AC5500E7257C /* TestApp1UITests.swift */,
				B2AFC1912C17AC5500E7257C /* TestApp1UITestsLaunchTests.swift */,
			);
			path = TestApp1UITests;
			sourceTree = "<group>";
		};
/* End PBXGroup section */

/* Begin PBXNativeTarget section */
		B2AFC16D2C17AC5300E7257C /* TestApp1 */ = {
			isa = PBXNativeTarget;
			buildConfigurationList = B2AFC1952C17AC5500E7257C /* Build configuration list for PBXNativeTarget "TestApp1" */;
			buildPhases = (
				B2AFC16A2C17AC5300E7257C /* Sources */,
				B2AFC16B2C17AC5300E7257C /* Frameworks */,
				B2AFC16C2C17AC5300E7257C /* Resources */,
			);
			buildRules = (
			);
			dependencies = (
			);
			name = TestApp1;
			productName = TestApp1;
			productReference = B2AFC16E2C17AC5300E7257C /* TestApp1.app */;
			productType = "com.apple.product-type.application";
		};
		B2AFC1802C17AC5500E7257C /* TestApp1Tests */ = {
			isa = PBXNativeTarget;
			buildConfigurationList = B2AFC1982C17AC5500E7257C /* Build configuration list for PBXNativeTarget "TestApp1Tests" */;
			buildPhases = (
				B2AFC17D2C17AC5500E7257C /* Sources */,
				B2AFC17E2C17AC5500E7257C /* Frameworks */,
				B2AFC17F2C17AC5500E7257C /* Resources */,
			);
			buildRules = (
			);
			dependencies = (
				B2AFC1832C17AC5500E7257C /* PBXTargetDependency */,
			);
			name = TestApp1Tests;
			productName = TestApp1Tests;
			productReference = B2AFC1812C17AC5500E7257C /* TestApp1Tests.xctest */;
			productType = "com.apple.product-type.bundle.unit-test";
		};
		B2AFC18A2C17AC5500E7257C /* TestApp1UITests */ = {
			isa = PBXNativeTarget;
			buildConfigurationList = B2AFC19B2C17AC5500E7257C /* Build configuration list for PBXNativeTarget "TestApp1UITests" */;
			buildPhases = (
				B2AFC1872C17AC5500E7257C /* Sources */,
				B2AFC1882C17AC5500E7257C /* Frameworks */,
				B2AFC1892C17AC5500E7257C /* Resources */,
			);
			buildRules = (
			);
			dependencies = (
				B2AFC18D2C17AC5500E7257C /* PBXTargetDependency */,
			);
			name = TestApp1UITests;
			productName = TestApp1UITests;
			productReference = B2AFC18B2C17AC5500E7257C /* TestApp1UITests.xctest */;
			productType = "com.apple.product-type.bundle.ui-testing";
		};
/* End PBXNativeTarget section */

/* Begin PBXProject section */
		B2AFC1662C17AC5300E7257C /* Project object */ = {
			isa = PBXProject;
			attributes = {
				BuildIndependentTargetsInParallel = 1;
				LastSwiftUpdateCheck = 1600;
				LastUpgradeCheck = 1600;
				TargetAttributes = {
					B2AFC16D2C17AC5300E7257C = {
						CreatedOnToolsVersion = 16.0;
					};
					B2AFC1802C17AC5500E7257C = {
						CreatedOnToolsVersion = 16.0;
						TestTargetID = B2AFC16D2C17AC5300E7257C;
					};
					B2AFC18A2C17AC5500E7257C = {
						CreatedOnToolsVersion = 16.0;
						TestTargetID = B2AFC16D2C17AC5300E7257C;
					};
				};
			};
			buildConfigurationList = B2AFC1692C17AC5300E7257C /* Build configuration list for PBXProject "TestApp1" */;
			compatibilityVersion = "Xcode 15.0";
			developmentRegion = en;
			hasScannedForEncodings = 0;
			knownRegions = (
				en,
				Base,
			);
			mainGroup = B2AFC1652C17AC5300E7257C;
			productRefGroup = B2AFC16F2C17AC5300E7257C /* Products */;
			projectDirPath = "";
			projectRoot = "";
			targets = (
				B2AFC16D2C17AC5300E7257C /* TestApp1 */,
				B2AFC1802C17AC5500E7257C /* TestApp1Tests */,
				B2AFC18A2C17AC5500E7257C /* TestApp1UITests */,
			);
		};
/* End PBXProject section */

/* Begin PBXResourcesBuildPhase section */
		B2AFC16C2C17AC5300E7257C /* Resources */ = {
			isa = PBXResourcesBuildPhase;
			buildActionMask = 2147483647;
			files = (
				B2AFC17C2C17AC5500E7257C /* Preview Assets.xcassets in Resources */,
				B2AFC1782C17AC5500E7257C /* Assets.xcassets in Resources */,
			);
			runOnlyForDeploymentPostprocessing = 0;
		};
		B2AFC17F2C17AC5500E7257C /* Resources */ = {
			isa = PBXResourcesBuildPhase;
			buildActionMask = 2147483647;
			files = (
			);
			runOnlyForDeploymentPostprocessing = 0;
		};
		B2AFC1892C17AC5500E7257C /* Resources */ = {
			isa = PBXResourcesBuildPhase;
			buildActionMask = 2147483647;
			files = (
			);
			runOnlyForDeploymentPostprocessing = 0;
		};
/* End PBXResourcesBuildPhase section */

/* Begin PBXSourcesBuildPhase section */
		B2AFC16A2C17AC5300E7257C /* Sources */ = {
			isa = PBXSourcesBuildPhase;
			buildActionMask = 2147483647;
			files = (
				B2AFC1742C17AC5300E7257C /* ItemsView.swift in Sources */,
				B27352892C18001A0027046A /* ContentView.swift in Sources */,
				B2AFC19F2C17ACB600E7257C /* SidebarView.swift in Sources */,
				B2AFC1762C17AC5300E7257C /* Item.swift in Sources */,
				B2AFC1722C17AC5300E7257C /* TestApp1App.swift in Sources */,
			);
			runOnlyForDeploymentPostprocessing = 0;
		};
		B2AFC17D2C17AC5500E7257C /* Sources */ = {
			isa = PBXSourcesBuildPhase;
			buildActionMask = 2147483647;
			files = (
				B2AFC1862C17AC5500E7257C /* TestApp1Tests.swift in Sources */,
			);
			runOnlyForDeploymentPostprocessing = 0;
		};
		B2AFC1872C17AC5500E7257C /* Sources */ = {
			isa = PBXSourcesBuildPhase;
			buildActionMask = 2147483647;
			files = (
				B2AFC1922C17AC5500E7257C /* TestApp1UITestsLaunchTests.swift in Sources */,
				B2AFC1902C17AC5500E7257C /* TestApp1UITests.swift in Sources */,
			);
			runOnlyForDeploymentPostprocessing = 0;
		};
/* End PBXSourcesBuildPhase section */

/* Begin PBXTargetDependency section */
		B2AFC1832C17AC5500E7257C /* PBXTargetDependency */ = {
			isa = PBXTargetDependency;
			target = B2AFC16D2C17AC5300E7257C /* TestApp1 */;
			targetProxy = B2AFC1822C17AC5500E7257C /* PBXContainerItemProxy */;
		};
		B2AFC18D2C17AC5500E7257C /* PBXTargetDependency */ = {
			isa = PBXTargetDependency;
			target = B2AFC16D2C17AC5300E7257C /* TestApp1 */;
			targetProxy = B2AFC18C2C17AC5500E7257C /* PBXContainerItemProxy */;
		};
/* End PBXTargetDependency section */

/* Begin XCBuildConfiguration section */
		B2AFC1932C17AC5500E7257C /* Debug */ = {
			isa = XCBuildConfiguration;
			buildSettings = {
				ALWAYS_SEARCH_USER_PATHS = NO;
				ASSETCATALOG_COMPILER_GENERATE_SWIFT_ASSET_SYMBOL_EXTENSIONS = YES;
				CLANG_ANALYZER_NONNULL = YES;
				CLANG_ANALYZER_NUMBER_OBJECT_CONVERSION = YES_AGGRESSIVE;
				CLANG_CXX_LANGUAGE_STANDARD = "gnu++20";
				CLANG_ENABLE_MODULES = YES;
				CLANG_ENABLE_OBJC_ARC = YES;
				CLANG_ENABLE_OBJC_WEAK = YES;
				CLANG_WARN_BLOCK_CAPTURE_AUTORELEASING = YES;
				CLANG_WARN_BOOL_CONVERSION = YES;
				CLANG_WARN_COMMA = YES;
				CLANG_WARN_CONSTANT_CONVERSION = YES;
				CLANG_WARN_DEPRECATED_OBJC_IMPLEMENTATIONS = YES;
				CLANG_WARN_DIRECT_OBJC_ISA_USAGE = YES_ERROR;
				CLANG_WARN_DOCUMENTATION_COMMENTS = YES;
				CLANG_WARN_EMPTY_BODY = YES;
				CLANG_WARN_ENUM_CONVERSION = YES;
				CLANG_WARN_INFINITE_RECURSION = YES;
				CLANG_WARN_INT_CONVERSION = YES;
				CLANG_WARN_NON_LITERAL_NULL_CONVERSION = YES;
				CLANG_WARN_OBJC_IMPLICIT_RETAIN_SELF = YES;
				CLANG_WARN_OBJC_LITERAL_CONVERSION = YES;
				CLANG_WARN_OBJC_ROOT_CLASS = YES_ERROR;
				CLANG_WARN_QUOTED_INCLUDE_IN_FRAMEWORK_HEADER = YES;
				CLANG_WARN_RANGE_LOOP_ANALYSIS = YES;
				CLANG_WARN_STRICT_PROTOTYPES = YES;
				CLANG_WARN_SUSPICIOUS_MOVE = YES;
				CLANG_WARN_UNGUARDED_AVAILABILITY = YES_AGGRESSIVE;
				CLANG_WARN_UNREACHABLE_CODE = YES;
				CLANG_WARN__DUPLICATE_METHOD_MATCH = YES;
				COPY_PHASE_STRIP = NO;
				DEBUG_INFORMATION_FORMAT = dwarf;
				ENABLE_STRICT_OBJC_MSGSEND = YES;
				ENABLE_TESTABILITY = YES;
				ENABLE_USER_SCRIPT_SANDBOXING = YES;
				GCC_C_LANGUAGE_STANDARD = gnu17;
				GCC_DYNAMIC_NO_PIC = NO;
				GCC_NO_COMMON_BLOCKS = YES;
				GCC_OPTIMIZATION_LEVEL = 0;
				GCC_PREPROCESSOR_DEFINITIONS = (
					"DEBUG=1",
					"$(inherited)",
				);
				GCC_WARN_64_TO_32_BIT_CONVERSION = YES;
				GCC_WARN_ABOUT_RETURN_TYPE = YES_ERROR;
				GCC_WARN_UNDECLARED_SELECTOR = YES;
				GCC_WARN_UNINITIALIZED_AUTOS = YES_AGGRESSIVE;
				GCC_WARN_UNUSED_FUNCTION = YES;
				GCC_WARN_UNUSED_VARIABLE = YES;
				LOCALIZATION_PREFERS_STRING_CATALOGS = YES;
				MTL_ENABLE_DEBUG_INFO = INCLUDE_SOURCE;
				MTL_FAST_MATH = YES;
				ONLY_ACTIVE_ARCH = YES;
				SWIFT_ACTIVE_COMPILATION_CONDITIONS = "DEBUG $(inherited)";
				SWIFT_OPTIMIZATION_LEVEL = "-Onone";
			};
			name = Debug;
		};
		B2AFC1942C17AC5500E7257C /* Release */ = {
			isa = XCBuildConfiguration;
			buildSettings = {
				ALWAYS_SEARCH_USER_PATHS = NO;
				ASSETCATALOG_COMPILER_GENERATE_SWIFT_ASSET_SYMBOL_EXTENSIONS = YES;
				CLANG_ANALYZER_NONNULL = YES;
				CLANG_ANALYZER_NUMBER_OBJECT_CONVERSION = YES_AGGRESSIVE;
				CLANG_CXX_LANGUAGE_STANDARD = "gnu++20";
				CLANG_ENABLE_MODULES = YES;
				CLANG_ENABLE_OBJC_ARC = YES;
				CLANG_ENABLE_OBJC_WEAK = YES;
				CLANG_WARN_BLOCK_CAPTURE_AUTORELEASING = YES;
				CLANG_WARN_BOOL_CONVERSION = YES;
				CLANG_WARN_COMMA = YES;
				CLANG_WARN_CONSTANT_CONVERSION = YES;
				CLANG_WARN_DEPRECATED_OBJC_IMPLEMENTATIONS = YES;
				CLANG_WARN_DIRECT_OBJC_ISA_USAGE = YES_ERROR;
				CLANG_WARN_DOCUMENTATION_COMMENTS = YES;
				CLANG_WARN_EMPTY_BODY = YES;
				CLANG_WARN_ENUM_CONVERSION = YES;
				CLANG_WARN_INFINITE_RECURSION = YES;
				CLANG_WARN_INT_CONVERSION = YES;
				CLANG_WARN_NON_LITERAL_NULL_CONVERSION = YES;
				CLANG_WARN_OBJC_IMPLICIT_RETAIN_SELF = YES;
				CLANG_WARN_OBJC_LITERAL_CONVERSION = YES;
				CLANG_WARN_OBJC_ROOT_CLASS = YES_ERROR;
				CLANG_WARN_QUOTED_INCLUDE_IN_FRAMEWORK_HEADER = YES;
				CLANG_WARN_RANGE_LOOP_ANALYSIS = YES;
				CLANG_WARN_STRICT_PROTOTYPES = YES;
				CLANG_WARN_SUSPICIOUS_MOVE = YES;
				CLANG_WARN_UNGUARDED_AVAILABILITY = YES_AGGRESSIVE;
				CLANG_WARN_UNREACHABLE_CODE = YES;
				CLANG_WARN__DUPLICATE_METHOD_MATCH = YES;
				COPY_PHASE_STRIP = NO;
				DEBUG_INFORMATION_FORMAT = "dwarf-with-dsym";
				ENABLE_NS_ASSERTIONS = NO;
				ENABLE_STRICT_OBJC_MSGSEND = YES;
				ENABLE_USER_SCRIPT_SANDBOXING = YES;
				GCC_C_LANGUAGE_STANDARD = gnu17;
				GCC_NO_COMMON_BLOCKS = YES;
				GCC_WARN_64_TO_32_BIT_CONVERSION = YES;
				GCC_WARN_ABOUT_RETURN_TYPE = YES_ERROR;
				GCC_WARN_UNDECLARED_SELECTOR = YES;
				GCC_WARN_UNINITIALIZED_AUTOS = YES_AGGRESSIVE;
				GCC_WARN_UNUSED_FUNCTION = YES;
				GCC_WARN_UNUSED_VARIABLE = YES;
				LOCALIZATION_PREFERS_STRING_CATALOGS = YES;
				MTL_ENABLE_DEBUG_INFO = NO;
				MTL_FAST_MATH = YES;
				SWIFT_COMPILATION_MODE = wholemodule;
			};
			name = Release;
		};
		B2AFC1962C17AC5500E7257C /* Debug */ = {
			isa = XCBuildConfiguration;
			buildSettings = {
				ASSETCATALOG_COMPILER_APPICON_NAME = AppIcon;
				ASSETCATALOG_COMPILER_GLOBAL_ACCENT_COLOR_NAME = AccentColor;
				CODE_SIGN_ENTITLEMENTS = TestApp1/TestApp1.entitlements;
				CODE_SIGN_STYLE = Automatic;
				CURRENT_PROJECT_VERSION = 1;
				DEVELOPMENT_ASSET_PATHS = "\"TestApp1/Preview Content\"";
				DEVELOPMENT_TEAM = 6AABZ45T5H;
				ENABLE_HARDENED_RUNTIME = YES;
				ENABLE_PREVIEWS = YES;
				GENERATE_INFOPLIST_FILE = YES;
				"INFOPLIST_KEY_UIApplicationSceneManifest_Generation[sdk=iphoneos*]" = YES;
				"INFOPLIST_KEY_UIApplicationSceneManifest_Generation[sdk=iphonesimulator*]" = YES;
				"INFOPLIST_KEY_UIApplicationSupportsIndirectInputEvents[sdk=iphoneos*]" = YES;
				"INFOPLIST_KEY_UIApplicationSupportsIndirectInputEvents[sdk=iphonesimulator*]" = YES;
				"INFOPLIST_KEY_UILaunchScreen_Generation[sdk=iphoneos*]" = YES;
				"INFOPLIST_KEY_UILaunchScreen_Generation[sdk=iphonesimulator*]" = YES;
				"INFOPLIST_KEY_UIStatusBarStyle[sdk=iphoneos*]" = UIStatusBarStyleDefault;
				"INFOPLIST_KEY_UIStatusBarStyle[sdk=iphonesimulator*]" = UIStatusBarStyleDefault;
				INFOPLIST_KEY_UISupportedInterfaceOrientations_iPad = "UIInterfaceOrientationPortrait UIInterfaceOrientationPortraitUpsideDown UIInterfaceOrientationLandscapeLeft UIInterfaceOrientationLandscapeRight";
				INFOPLIST_KEY_UISupportedInterfaceOrientations_iPhone = "UIInterfaceOrientationPortrait UIInterfaceOrientationLandscapeLeft UIInterfaceOrientationLandscapeRight";
				IPHONEOS_DEPLOYMENT_TARGET = 18.0;
				LD_RUNPATH_SEARCH_PATHS = "@executable_path/Frameworks";
				"LD_RUNPATH_SEARCH_PATHS[sdk=macosx*]" = "@executable_path/../Frameworks";
				MACOSX_DEPLOYMENT_TARGET = 15.0;
				MARKETING_VERSION = 1.0;
				PRODUCT_BUNDLE_IDENTIFIER = design.subcreation.TestApp1;
				PRODUCT_NAME = "$(TARGET_NAME)";
				SDKROOT = auto;
				SUPPORTED_PLATFORMS = "iphoneos iphonesimulator macosx xros xrsimulator";
				SWIFT_EMIT_LOC_STRINGS = YES;
				SWIFT_VERSION = 5.0;
				TARGETED_DEVICE_FAMILY = "1,2,7";
				XROS_DEPLOYMENT_TARGET = 2.0;
			};
			name = Debug;
		};
		B2AFC1972C17AC5500E7257C /* Release */ = {
			isa = XCBuildConfiguration;
			buildSettings = {
				ASSETCATALOG_COMPILER_APPICON_NAME = AppIcon;
				ASSETCATALOG_COMPILER_GLOBAL_ACCENT_COLOR_NAME = AccentColor;
				CODE_SIGN_ENTITLEMENTS = TestApp1/TestApp1.entitlements;
				CODE_SIGN_STYLE = Automatic;
				CURRENT_PROJECT_VERSION = 1;
				DEVELOPMENT_ASSET_PATHS = "\"TestApp1/Preview Content\"";
				DEVELOPMENT_TEAM = 6AABZ45T5H;
				ENABLE_HARDENED_RUNTIME = YES;
				ENABLE_PREVIEWS = YES;
				GENERATE_INFOPLIST_FILE = YES;
				"INFOPLIST_KEY_UIApplicationSceneManifest_Generation[sdk=iphoneos*]" = YES;
				"INFOPLIST_KEY_UIApplicationSceneManifest_Generation[sdk=iphonesimulator*]" = YES;
				"INFOPLIST_KEY_UIApplicationSupportsIndirectInputEvents[sdk=iphoneos*]" = YES;
				"INFOPLIST_KEY_UIApplicationSupportsIndirectInputEvents[sdk=iphonesimulator*]" = YES;
				"INFOPLIST_KEY_UILaunchScreen_Generation[sdk=iphoneos*]" = YES;
				"INFOPLIST_KEY_UILaunchScreen_Generation[sdk=iphonesimulator*]" = YES;
				"INFOPLIST_KEY_UIStatusBarStyle[sdk=iphoneos*]" = UIStatusBarStyleDefault;
				"INFOPLIST_KEY_UIStatusBarStyle[sdk=iphonesimulator*]" = UIStatusBarStyleDefault;
				INFOPLIST_KEY_UISupportedInterfaceOrientations_iPad = "UIInterfaceOrientationPortrait UIInterfaceOrientationPortraitUpsideDown UIInterfaceOrientationLandscapeLeft UIInterfaceOrientationLandscapeRight";
				INFOPLIST_KEY_UISupportedInterfaceOrientations_iPhone = "UIInterfaceOrientationPortrait UIInterfaceOrientationLandscapeLeft UIInterfaceOrientationLandscapeRight";
				IPHONEOS_DEPLOYMENT_TARGET = 18.0;
				LD_RUNPATH_SEARCH_PATHS = "@executable_path/Frameworks";
				"LD_RUNPATH_SEARCH_PATHS[sdk=macosx*]" = "@executable_path/../Frameworks";
				MACOSX_DEPLOYMENT_TARGET = 15.0;
				MARKETING_VERSION = 1.0;
				PRODUCT_BUNDLE_IDENTIFIER = design.subcreation.TestApp1;
				PRODUCT_NAME = "$(TARGET_NAME)";
				SDKROOT = auto;
				SUPPORTED_PLATFORMS = "iphoneos iphonesimulator macosx xros xrsimulator";
				SWIFT_EMIT_LOC_STRINGS = YES;
				SWIFT_VERSION = 5.0;
				TARGETED_DEVICE_FAMILY = "1,2,7";
				XROS_DEPLOYMENT_TARGET = 2.0;
			};
			name = Release;
		};
		B2AFC1992C17AC5500E7257C /* Debug */ = {
			isa = XCBuildConfiguration;
			buildSettings = {
				BUNDLE_LOADER = "$(TEST_HOST)";
				CODE_SIGN_STYLE = Automatic;
				CURRENT_PROJECT_VERSION = 1;
				DEVELOPMENT_TEAM = 6AABZ45T5H;
				GENERATE_INFOPLIST_FILE = YES;
				IPHONEOS_DEPLOYMENT_TARGET = 18.0;
				MACOSX_DEPLOYMENT_TARGET = 14.5;
				MARKETING_VERSION = 1.0;
				PRODUCT_BUNDLE_IDENTIFIER = design.subcreation.TestApp1Tests;
				PRODUCT_NAME = "$(TARGET_NAME)";
				SDKROOT = auto;
				SUPPORTED_PLATFORMS = "iphoneos iphonesimulator macosx xros xrsimulator";
				SWIFT_EMIT_LOC_STRINGS = NO;
				SWIFT_VERSION = 5.0;
				TARGETED_DEVICE_FAMILY = "1,2,7";
				TEST_HOST = "$(BUILT_PRODUCTS_DIR)/TestApp1.app/$(BUNDLE_EXECUTABLE_FOLDER_PATH)/TestApp1";
				XROS_DEPLOYMENT_TARGET = 2.0;
			};
			name = Debug;
		};
		B2AFC19A2C17AC5500E7257C /* Release */ = {
			isa = XCBuildConfiguration;
			buildSettings = {
				BUNDLE_LOADER = "$(TEST_HOST)";
				CODE_SIGN_STYLE = Automatic;
				CURRENT_PROJECT_VERSION = 1;
				DEVELOPMENT_TEAM = 6AABZ45T5H;
				GENERATE_INFOPLIST_FILE = YES;
				IPHONEOS_DEPLOYMENT_TARGET = 18.0;
				MACOSX_DEPLOYMENT_TARGET = 14.5;
				MARKETING_VERSION = 1.0;
				PRODUCT_BUNDLE_IDENTIFIER = design.subcreation.TestApp1Tests;
				PRODUCT_NAME = "$(TARGET_NAME)";
				SDKROOT = auto;
				SUPPORTED_PLATFORMS = "iphoneos iphonesimulator macosx xros xrsimulator";
				SWIFT_EMIT_LOC_STRINGS = NO;
				SWIFT_VERSION = 5.0;
				TARGETED_DEVICE_FAMILY = "1,2,7";
				TEST_HOST = "$(BUILT_PRODUCTS_DIR)/TestApp1.app/$(BUNDLE_EXECUTABLE_FOLDER_PATH)/TestApp1";
				XROS_DEPLOYMENT_TARGET = 2.0;
			};
			name = Release;
		};
		B2AFC19C2C17AC5500E7257C /* Debug */ = {
			isa = XCBuildConfiguration;
			buildSettings = {
				CODE_SIGN_STYLE = Automatic;
				CURRENT_PROJECT_VERSION = 1;
				DEVELOPMENT_TEAM = 6AABZ45T5H;
				GENERATE_INFOPLIST_FILE = YES;
				IPHONEOS_DEPLOYMENT_TARGET = 18.0;
				MACOSX_DEPLOYMENT_TARGET = 14.5;
				MARKETING_VERSION = 1.0;
				PRODUCT_BUNDLE_IDENTIFIER = design.subcreation.TestApp1UITests;
				PRODUCT_NAME = "$(TARGET_NAME)";
				SDKROOT = auto;
				SUPPORTED_PLATFORMS = "iphoneos iphonesimulator macosx xros xrsimulator";
				SWIFT_EMIT_LOC_STRINGS = NO;
				SWIFT_VERSION = 5.0;
				TARGETED_DEVICE_FAMILY = "1,2,7";
				TEST_TARGET_NAME = TestApp1;
				XROS_DEPLOYMENT_TARGET = 2.0;
			};
			name = Debug;
		};
		B2AFC19D2C17AC5500E7257C /* Release */ = {
			isa = XCBuildConfiguration;
			buildSettings = {
				CODE_SIGN_STYLE = Automatic;
				CURRENT_PROJECT_VERSION = 1;
				DEVELOPMENT_TEAM = 6AABZ45T5H;
				GENERATE_INFOPLIST_FILE = YES;
				IPHONEOS_DEPLOYMENT_TARGET = 18.0;
				MACOSX_DEPLOYMENT_TARGET = 14.5;
				MARKETING_VERSION = 1.0;
				PRODUCT_BUNDLE_IDENTIFIER = design.subcreation.TestApp1UITests;
				PRODUCT_NAME = "$(TARGET_NAME)";
				SDKROOT = auto;
				SUPPORTED_PLATFORMS = "iphoneos iphonesimulator macosx xros xrsimulator";
				SWIFT_EMIT_LOC_STRINGS = NO;
				SWIFT_VERSION = 5.0;
				TARGETED_DEVICE_FAMILY = "1,2,7";
				TEST_TARGET_NAME = TestApp1;
				XROS_DEPLOYMENT_TARGET = 2.0;
			};
			name = Release;
		};
/* End XCBuildConfiguration section */

/* Begin XCConfigurationList section */
		B2AFC1692C17AC5300E7257C /* Build configuration list for PBXProject "TestApp1" */ = {
			isa = XCConfigurationList;
			buildConfigurations = (
				B2AFC1932C17AC5500E7257C /* Debug */,
				B2AFC1942C17AC5500E7257C /* Release */,
			);
			defaultConfigurationIsVisible = 0;
			defaultConfigurationName = Release;
		};
		B2AFC1952C17AC5500E7257C /* Build configuration list for PBXNativeTarget "TestApp1" */ = {
			isa = XCConfigurationList;
			buildConfigurations = (
				B2AFC1962C17AC5500E7257C /* Debug */,
				B2AFC1972C17AC5500E7257C /* Release */,
			);
			defaultConfigurationIsVisible = 0;
			defaultConfigurationName = Release;
		};
		B2AFC1982C17AC5500E7257C /* Build configuration list for PBXNativeTarget "TestApp1Tests" */ = {
			isa = XCConfigurationList;
			buildConfigurations = (
				B2AFC1992C17AC5500E7257C /* Debug */,
				B2AFC19A2C17AC5500E7257C /* Release */,
			);
			defaultConfigurationIsVisible = 0;
			defaultConfigurationName = Release;
		};
		B2AFC19B2C17AC5500E7257C /* Build configuration list for PBXNativeTarget "TestApp1UITests" */ = {
			isa = XCConfigurationList;
			buildConfigurations = (
				B2AFC19C2C17AC5500E7257C /* Debug */,
				B2AFC19D2C17AC5500E7257C /* Release */,
			);
			defaultConfigurationIsVisible = 0;
			defaultConfigurationName = Release;
		};
/* End XCConfigurationList section */
	};
	rootObject = B2AFC1662C17AC5300E7257C /* Project object */;
}
